
Microsoft Visual Studio Solution File, Format Version 12.00
# Visual Studio 15
VisualStudioVersion = 15.0.28307.106
MinimumVisualStudioVersion = 10.0.40219.1
Project("{FAE04EC0-301F-11D3-BF4B-00C04F79EFBC}") = "rpgshop assessment intro to c sharp", "rpgshop assessment intro to c sharp\rpgshop assessment intro to c sharp.csproj", "{9075EAD6-A141-4A3A-9C31-171EA36EE9B6}"
EndProject
Global
	GlobalSection(SolutionConfigurationPlatforms) = preSolution
		Debug|Any CPU = Debug|Any CPU
		Release|Any CPU = Release|Any CPU
	EndGlobalSection
	GlobalSection(ProjectConfigurationPlatforms) = postSolution
		{9075EAD6-A141-4A3A-9C31-171EA36EE9B6}.Debug|Any CPU.ActiveCfg = Debug|Any CPU
		{9075EAD6-A141-4A3A-9C31-171EA36EE9B6}.Debug|Any CPU.Build.0 = Debug|Any CPU
		{9075EAD6-A141-4A3A-9C31-171EA36EE9B6}.Release|Any CPU.ActiveCfg = Release|Any CPU
		{9075EAD6-A141-4A3A-9C31-171EA36EE9B6}.Release|Any CPU.Build.0 = Release|Any CPU
	EndGlobalSection
	GlobalSection(SolutionProperties) = preSolution
		HideSolutionNode = FALSE
	EndGlobalSection
	GlobalSection(ExtensibilityGlobals) = postSolution
		SolutionGuid = {C287A2B0-119D-4BCA-8385-0D6DA7FD56F5}
	EndGlobalSection
EndGlobal
